// !$*UTF8*$!
{
	archiveVersion = 1;
	classes = {
	};
	objectVersion = 55;
	objects = {

/* Begin PBXBuildFile section */
		0517B21827510397002DC6A5 /* SaveNLoadToPhoneImageService.swift in Sources */ = {isa = PBXBuildFile; fileRef = 0517B21727510397002DC6A5 /* SaveNLoadToPhoneImageService.swift */; };
		0517B21B27510770002DC6A5 /* Extension_UIImage.swift in Sources */ = {isa = PBXBuildFile; fileRef = 0517B21A27510770002DC6A5 /* Extension_UIImage.swift */; };
		0540C4E52741325200AF1744 /* BaseCoordinator.swift in Sources */ = {isa = PBXBuildFile; fileRef = 0540C4E42741325200AF1744 /* BaseCoordinator.swift */; };
		0540C4E72741337000AF1744 /* ApplicationCoordinator.swift in Sources */ = {isa = PBXBuildFile; fileRef = 0540C4E62741337000AF1744 /* ApplicationCoordinator.swift */; };
		0540C4E92741352700AF1744 /* AuthCoordinator.swift in Sources */ = {isa = PBXBuildFile; fileRef = 0540C4E82741352700AF1744 /* AuthCoordinator.swift */; };
		0540C4EB274135B300AF1744 /* MainCoordinator.swift in Sources */ = {isa = PBXBuildFile; fileRef = 0540C4EA274135B300AF1744 /* MainCoordinator.swift */; };
		057202F1273E687E00DD2DFD /* User.swift in Sources */ = {isa = PBXBuildFile; fileRef = 057202F0273E687E00DD2DFD /* User.swift */; };
		057202F6273E6D8000DD2DFD /* Auth.storyboard in Resources */ = {isa = PBXBuildFile; fileRef = 057202F5273E6D8000DD2DFD /* Auth.storyboard */; };
		057202F8273E6DD000DD2DFD /* LoginViewController.swift in Sources */ = {isa = PBXBuildFile; fileRef = 057202F7273E6DD000DD2DFD /* LoginViewController.swift */; };
		057202FA273E6DE300DD2DFD /* RegisterViewController.swift in Sources */ = {isa = PBXBuildFile; fileRef = 057202F9273E6DE300DD2DFD /* RegisterViewController.swift */; };
		0572030B273FB94D00DD2DFD /* MainViewController.swift in Sources */ = {isa = PBXBuildFile; fileRef = 0572030A273FB94D00DD2DFD /* MainViewController.swift */; };
		057DB1D127316EFD003C9066 /* AppDelegate.swift in Sources */ = {isa = PBXBuildFile; fileRef = 057DB1D027316EFD003C9066 /* AppDelegate.swift */; };
		057DB1D327316EFD003C9066 /* SceneDelegate.swift in Sources */ = {isa = PBXBuildFile; fileRef = 057DB1D227316EFD003C9066 /* SceneDelegate.swift */; };
		057DB1D527316EFD003C9066 /* MapViewController.swift in Sources */ = {isa = PBXBuildFile; fileRef = 057DB1D427316EFD003C9066 /* MapViewController.swift */; };
		057DB1D827316EFD003C9066 /* Main.storyboard in Resources */ = {isa = PBXBuildFile; fileRef = 057DB1D627316EFD003C9066 /* Main.storyboard */; };
		057DB1DA27316F00003C9066 /* Assets.xcassets in Resources */ = {isa = PBXBuildFile; fileRef = 057DB1D927316F00003C9066 /* Assets.xcassets */; };
		057DB1DD27316F00003C9066 /* LaunchScreen.storyboard in Resources */ = {isa = PBXBuildFile; fileRef = 057DB1DB27316F00003C9066 /* LaunchScreen.storyboard */; };
		057DB1E827316F01003C9066 /* Map_HWTests.swift in Sources */ = {isa = PBXBuildFile; fileRef = 057DB1E727316F01003C9066 /* Map_HWTests.swift */; };
		057DB1F227316F01003C9066 /* Map_HWUITests.swift in Sources */ = {isa = PBXBuildFile; fileRef = 057DB1F127316F01003C9066 /* Map_HWUITests.swift */; };
		057DB1F427316F01003C9066 /* Map_HWUITestsLaunchTests.swift in Sources */ = {isa = PBXBuildFile; fileRef = 057DB1F327316F01003C9066 /* Map_HWUITestsLaunchTests.swift */; };
		057DB20127318BBA003C9066 /* MapKit.framework in Frameworks */ = {isa = PBXBuildFile; fileRef = 057DB20027318BBA003C9066 /* MapKit.framework */; };
		057EDB7E2742621F00DA3E2F /* NetworkLayer.swift in Sources */ = {isa = PBXBuildFile; fileRef = 057EDB7D2742621F00DA3E2F /* NetworkLayer.swift */; };
		057EDB8027426BDE00DA3E2F /* Apple.cer in Resources */ = {isa = PBXBuildFile; fileRef = 057EDB7F27426BDE00DA3E2F /* Apple.cer */; };
		05934C4A274B9EE700C93756 /* LocationManager.swift in Sources */ = {isa = PBXBuildFile; fileRef = 05934C49274B9EE600C93756 /* LocationManager.swift */; };
		05934C53274BB23B00C93756 /* Снимок экрана 2021-11-22 в 2.04.35 PM.png in Resources */ = {isa = PBXBuildFile; fileRef = 05934C4C274BB23B00C93756 /* Снимок экрана 2021-11-22 в 2.04.35 PM.png */; };
		05934C54274BB23B00C93756 /* Снимок экрана 2021-11-22 в 2.05.34 PM.png in Resources */ = {isa = PBXBuildFile; fileRef = 05934C4D274BB23B00C93756 /* Снимок экрана 2021-11-22 в 2.05.34 PM.png */; };
		05934C55274BB23B00C93756 /* Снимок экрана 2021-11-22 в 2.05.22 PM.png in Resources */ = {isa = PBXBuildFile; fileRef = 05934C4E274BB23B00C93756 /* Снимок экрана 2021-11-22 в 2.05.22 PM.png */; };
		05934C56274BB23B00C93756 /* Снимок экрана 2021-11-22 в 2.09.17 PM.png in Resources */ = {isa = PBXBuildFile; fileRef = 05934C4F274BB23B00C93756 /* Снимок экрана 2021-11-22 в 2.09.17 PM.png */; };
		05934C57274BB23B00C93756 /* Снимок экрана 2021-11-22 в 2.10.03 PM.png in Resources */ = {isa = PBXBuildFile; fileRef = 05934C50274BB23B00C93756 /* Снимок экрана 2021-11-22 в 2.10.03 PM.png */; };
		05934C58274BB23B00C93756 /* Снимок экрана 2021-11-22 в 2.01.57 PM.png in Resources */ = {isa = PBXBuildFile; fileRef = 05934C51274BB23B00C93756 /* Снимок экрана 2021-11-22 в 2.01.57 PM.png */; };
		05934C59274BB23B00C93756 /* Снимок экрана 2021-11-22 в 2.09.51 PM.png in Resources */ = {isa = PBXBuildFile; fileRef = 05934C52274BB23B00C93756 /* Снимок экрана 2021-11-22 в 2.09.51 PM.png */; };
		05934C5B274BB24300C93756 /* Снимок экрана 2021-11-22 в 1.59.56 PM.png in Resources */ = {isa = PBXBuildFile; fileRef = 05934C5A274BB24300C93756 /* Снимок экрана 2021-11-22 в 1.59.56 PM.png */; };
		05AB8E91273930D800933AB1 /* RealmServices.swift in Sources */ = {isa = PBXBuildFile; fileRef = 05AB8E90273930D800933AB1 /* RealmServices.swift */; };
		05AB8E942739344900933AB1 /* RouteRealmObject.swift in Sources */ = {isa = PBXBuildFile; fileRef = 05AB8E932739344900933AB1 /* RouteRealmObject.swift */; };
		05AB8E9627394ADC00933AB1 /* LocatingServices.swift in Sources */ = {isa = PBXBuildFile; fileRef = 05AB8E9527394ADC00933AB1 /* LocatingServices.swift */; };
		05AB8E9827398DD000933AB1 /* RouteModelFactory.swift in Sources */ = {isa = PBXBuildFile; fileRef = 05AB8E9727398DD000933AB1 /* RouteModelFactory.swift */; };
		403894DBE8D9AD132D686F96 /* Pods_Map_HW_Map_HWUITests.framework in Frameworks */ = {isa = PBXBuildFile; fileRef = 65EBDA9560176008E8E354B5 /* Pods_Map_HW_Map_HWUITests.framework */; };
		CBC33764BB0520673D9FEF75 /* Pods_Map_HW.framework in Frameworks */ = {isa = PBXBuildFile; fileRef = B0F82FE68BE03F482DF56337 /* Pods_Map_HW.framework */; };
		FF4D7753858805EE6C6BDEA5 /* Pods_Map_HWTests.framework in Frameworks */ = {isa = PBXBuildFile; fileRef = 47BA7E31421ECFAEA4DEC028 /* Pods_Map_HWTests.framework */; };
/* End PBXBuildFile section */

/* Begin PBXContainerItemProxy section */
		057DB1E427316F01003C9066 /* PBXContainerItemProxy */ = {
			isa = PBXContainerItemProxy;
			containerPortal = 057DB1C527316EFC003C9066 /* Project object */;
			proxyType = 1;
			remoteGlobalIDString = 057DB1CC27316EFC003C9066;
			remoteInfo = Map_HW;
		};
		057DB1EE27316F01003C9066 /* PBXContainerItemProxy */ = {
			isa = PBXContainerItemProxy;
			containerPortal = 057DB1C527316EFC003C9066 /* Project object */;
			proxyType = 1;
			remoteGlobalIDString = 057DB1CC27316EFC003C9066;
			remoteInfo = Map_HW;
		};
/* End PBXContainerItemProxy section */

/* Begin PBXFileReference section */
		0517B21727510397002DC6A5 /* SaveNLoadToPhoneImageService.swift */ = {isa = PBXFileReference; fileEncoding = 4; lastKnownFileType = sourcecode.swift; path = SaveNLoadToPhoneImageService.swift; sourceTree = "<group>"; };
		0517B21A27510770002DC6A5 /* Extension_UIImage.swift */ = {isa = PBXFileReference; fileEncoding = 4; lastKnownFileType = sourcecode.swift; path = Extension_UIImage.swift; sourceTree = "<group>"; };
		0540C4E42741325200AF1744 /* BaseCoordinator.swift */ = {isa = PBXFileReference; lastKnownFileType = sourcecode.swift; path = BaseCoordinator.swift; sourceTree = "<group>"; };
		0540C4E62741337000AF1744 /* ApplicationCoordinator.swift */ = {isa = PBXFileReference; lastKnownFileType = sourcecode.swift; path = ApplicationCoordinator.swift; sourceTree = "<group>"; };
		0540C4E82741352700AF1744 /* AuthCoordinator.swift */ = {isa = PBXFileReference; lastKnownFileType = sourcecode.swift; path = AuthCoordinator.swift; sourceTree = "<group>"; };
		0540C4EA274135B300AF1744 /* MainCoordinator.swift */ = {isa = PBXFileReference; lastKnownFileType = sourcecode.swift; path = MainCoordinator.swift; sourceTree = "<group>"; };
		057202F0273E687E00DD2DFD /* User.swift */ = {isa = PBXFileReference; lastKnownFileType = sourcecode.swift; path = User.swift; sourceTree = "<group>"; };
		057202F5273E6D8000DD2DFD /* Auth.storyboard */ = {isa = PBXFileReference; lastKnownFileType = file.storyboard; path = Auth.storyboard; sourceTree = "<group>"; };
		057202F7273E6DD000DD2DFD /* LoginViewController.swift */ = {isa = PBXFileReference; lastKnownFileType = sourcecode.swift; path = LoginViewController.swift; sourceTree = "<group>"; };
		057202F9273E6DE300DD2DFD /* RegisterViewController.swift */ = {isa = PBXFileReference; lastKnownFileType = sourcecode.swift; path = RegisterViewController.swift; sourceTree = "<group>"; };
		0572030A273FB94D00DD2DFD /* MainViewController.swift */ = {isa = PBXFileReference; lastKnownFileType = sourcecode.swift; path = MainViewController.swift; sourceTree = "<group>"; };
		057DB1CD27316EFD003C9066 /* Map_HW.app */ = {isa = PBXFileReference; explicitFileType = wrapper.application; includeInIndex = 0; path = Map_HW.app; sourceTree = BUILT_PRODUCTS_DIR; };
		057DB1D027316EFD003C9066 /* AppDelegate.swift */ = {isa = PBXFileReference; lastKnownFileType = sourcecode.swift; path = AppDelegate.swift; sourceTree = "<group>"; };
		057DB1D227316EFD003C9066 /* SceneDelegate.swift */ = {isa = PBXFileReference; lastKnownFileType = sourcecode.swift; path = SceneDelegate.swift; sourceTree = "<group>"; };
		057DB1D427316EFD003C9066 /* MapViewController.swift */ = {isa = PBXFileReference; lastKnownFileType = sourcecode.swift; path = MapViewController.swift; sourceTree = "<group>"; };
		057DB1D727316EFD003C9066 /* Base */ = {isa = PBXFileReference; lastKnownFileType = file.storyboard; name = Base; path = Base.lproj/Main.storyboard; sourceTree = "<group>"; };
		057DB1D927316F00003C9066 /* Assets.xcassets */ = {isa = PBXFileReference; lastKnownFileType = folder.assetcatalog; path = Assets.xcassets; sourceTree = "<group>"; };
		057DB1DC27316F00003C9066 /* Base */ = {isa = PBXFileReference; lastKnownFileType = file.storyboard; name = Base; path = Base.lproj/LaunchScreen.storyboard; sourceTree = "<group>"; };
		057DB1DE27316F00003C9066 /* Info.plist */ = {isa = PBXFileReference; lastKnownFileType = text.plist.xml; path = Info.plist; sourceTree = "<group>"; };
		057DB1E327316F01003C9066 /* Map_HWTests.xctest */ = {isa = PBXFileReference; explicitFileType = wrapper.cfbundle; includeInIndex = 0; path = Map_HWTests.xctest; sourceTree = BUILT_PRODUCTS_DIR; };
		057DB1E727316F01003C9066 /* Map_HWTests.swift */ = {isa = PBXFileReference; lastKnownFileType = sourcecode.swift; path = Map_HWTests.swift; sourceTree = "<group>"; };
		057DB1ED27316F01003C9066 /* Map_HWUITests.xctest */ = {isa = PBXFileReference; explicitFileType = wrapper.cfbundle; includeInIndex = 0; path = Map_HWUITests.xctest; sourceTree = BUILT_PRODUCTS_DIR; };
		057DB1F127316F01003C9066 /* Map_HWUITests.swift */ = {isa = PBXFileReference; lastKnownFileType = sourcecode.swift; path = Map_HWUITests.swift; sourceTree = "<group>"; };
		057DB1F327316F01003C9066 /* Map_HWUITestsLaunchTests.swift */ = {isa = PBXFileReference; lastKnownFileType = sourcecode.swift; path = Map_HWUITestsLaunchTests.swift; sourceTree = "<group>"; };
		057DB20027318BBA003C9066 /* MapKit.framework */ = {isa = PBXFileReference; lastKnownFileType = wrapper.framework; name = MapKit.framework; path = System/Library/Frameworks/MapKit.framework; sourceTree = SDKROOT; };
		057EDB7D2742621F00DA3E2F /* NetworkLayer.swift */ = {isa = PBXFileReference; lastKnownFileType = sourcecode.swift; path = NetworkLayer.swift; sourceTree = "<group>"; };
		057EDB7F27426BDE00DA3E2F /* Apple.cer */ = {isa = PBXFileReference; lastKnownFileType = text; path = Apple.cer; sourceTree = "<group>"; };
		05934C49274B9EE600C93756 /* LocationManager.swift */ = {isa = PBXFileReference; lastKnownFileType = sourcecode.swift; path = LocationManager.swift; sourceTree = "<group>"; };
		05934C4C274BB23B00C93756 /* Снимок экрана 2021-11-22 в 2.04.35 PM.png */ = {isa = PBXFileReference; lastKnownFileType = image.png; path = "Снимок экрана 2021-11-22 в 2.04.35 PM.png"; sourceTree = "<group>"; };
		05934C4D274BB23B00C93756 /* Снимок экрана 2021-11-22 в 2.05.34 PM.png */ = {isa = PBXFileReference; lastKnownFileType = image.png; path = "Снимок экрана 2021-11-22 в 2.05.34 PM.png"; sourceTree = "<group>"; };
		05934C4E274BB23B00C93756 /* Снимок экрана 2021-11-22 в 2.05.22 PM.png */ = {isa = PBXFileReference; lastKnownFileType = image.png; path = "Снимок экрана 2021-11-22 в 2.05.22 PM.png"; sourceTree = "<group>"; };
		05934C4F274BB23B00C93756 /* Снимок экрана 2021-11-22 в 2.09.17 PM.png */ = {isa = PBXFileReference; lastKnownFileType = image.png; path = "Снимок экрана 2021-11-22 в 2.09.17 PM.png"; sourceTree = "<group>"; };
		05934C50274BB23B00C93756 /* Снимок экрана 2021-11-22 в 2.10.03 PM.png */ = {isa = PBXFileReference; lastKnownFileType = image.png; path = "Снимок экрана 2021-11-22 в 2.10.03 PM.png"; sourceTree = "<group>"; };
		05934C51274BB23B00C93756 /* Снимок экрана 2021-11-22 в 2.01.57 PM.png */ = {isa = PBXFileReference; lastKnownFileType = image.png; path = "Снимок экрана 2021-11-22 в 2.01.57 PM.png"; sourceTree = "<group>"; };
		05934C52274BB23B00C93756 /* Снимок экрана 2021-11-22 в 2.09.51 PM.png */ = {isa = PBXFileReference; lastKnownFileType = image.png; path = "Снимок экрана 2021-11-22 в 2.09.51 PM.png"; sourceTree = "<group>"; };
		05934C5A274BB24300C93756 /* Снимок экрана 2021-11-22 в 1.59.56 PM.png */ = {isa = PBXFileReference; lastKnownFileType = image.png; path = "Снимок экрана 2021-11-22 в 1.59.56 PM.png"; sourceTree = "<group>"; };
		05AB8E90273930D800933AB1 /* RealmServices.swift */ = {isa = PBXFileReference; lastKnownFileType = sourcecode.swift; path = RealmServices.swift; sourceTree = "<group>"; };
		05AB8E932739344900933AB1 /* RouteRealmObject.swift */ = {isa = PBXFileReference; lastKnownFileType = sourcecode.swift; path = RouteRealmObject.swift; sourceTree = "<group>"; };
		05AB8E9527394ADC00933AB1 /* LocatingServices.swift */ = {isa = PBXFileReference; lastKnownFileType = sourcecode.swift; path = LocatingServices.swift; sourceTree = "<group>"; };
		05AB8E9727398DD000933AB1 /* RouteModelFactory.swift */ = {isa = PBXFileReference; lastKnownFileType = sourcecode.swift; path = RouteModelFactory.swift; sourceTree = "<group>"; };
		404531CC8DF455DC28EE5053 /* Pods-Map_HWTests.release.xcconfig */ = {isa = PBXFileReference; includeInIndex = 1; lastKnownFileType = text.xcconfig; name = "Pods-Map_HWTests.release.xcconfig"; path = "Target Support Files/Pods-Map_HWTests/Pods-Map_HWTests.release.xcconfig"; sourceTree = "<group>"; };
		47BA7E31421ECFAEA4DEC028 /* Pods_Map_HWTests.framework */ = {isa = PBXFileReference; explicitFileType = wrapper.framework; includeInIndex = 0; path = Pods_Map_HWTests.framework; sourceTree = BUILT_PRODUCTS_DIR; };
		4CC41E13FEDDB39EF7877F00 /* Pods-Map_HW.release.xcconfig */ = {isa = PBXFileReference; includeInIndex = 1; lastKnownFileType = text.xcconfig; name = "Pods-Map_HW.release.xcconfig"; path = "Target Support Files/Pods-Map_HW/Pods-Map_HW.release.xcconfig"; sourceTree = "<group>"; };
		614E3624E88F28C3438B678C /* Pods-Map_HW-Map_HWUITests.debug.xcconfig */ = {isa = PBXFileReference; includeInIndex = 1; lastKnownFileType = text.xcconfig; name = "Pods-Map_HW-Map_HWUITests.debug.xcconfig"; path = "Target Support Files/Pods-Map_HW-Map_HWUITests/Pods-Map_HW-Map_HWUITests.debug.xcconfig"; sourceTree = "<group>"; };
		65EBDA9560176008E8E354B5 /* Pods_Map_HW_Map_HWUITests.framework */ = {isa = PBXFileReference; explicitFileType = wrapper.framework; includeInIndex = 0; path = Pods_Map_HW_Map_HWUITests.framework; sourceTree = BUILT_PRODUCTS_DIR; };
		890A45D14F36FD2EFB8718B7 /* Pods-Map_HW-Map_HWUITests.release.xcconfig */ = {isa = PBXFileReference; includeInIndex = 1; lastKnownFileType = text.xcconfig; name = "Pods-Map_HW-Map_HWUITests.release.xcconfig"; path = "Target Support Files/Pods-Map_HW-Map_HWUITests/Pods-Map_HW-Map_HWUITests.release.xcconfig"; sourceTree = "<group>"; };
		B0F82FE68BE03F482DF56337 /* Pods_Map_HW.framework */ = {isa = PBXFileReference; explicitFileType = wrapper.framework; includeInIndex = 0; path = Pods_Map_HW.framework; sourceTree = BUILT_PRODUCTS_DIR; };
		EC8A42731AAAA9A05A146E7B /* Pods-Map_HW.debug.xcconfig */ = {isa = PBXFileReference; includeInIndex = 1; lastKnownFileType = text.xcconfig; name = "Pods-Map_HW.debug.xcconfig"; path = "Target Support Files/Pods-Map_HW/Pods-Map_HW.debug.xcconfig"; sourceTree = "<group>"; };
		F2A3B50CFD804AFA093A56E6 /* Pods-Map_HWTests.debug.xcconfig */ = {isa = PBXFileReference; includeInIndex = 1; lastKnownFileType = text.xcconfig; name = "Pods-Map_HWTests.debug.xcconfig"; path = "Target Support Files/Pods-Map_HWTests/Pods-Map_HWTests.debug.xcconfig"; sourceTree = "<group>"; };
/* End PBXFileReference section */

/* Begin PBXFrameworksBuildPhase section */
		057DB1CA27316EFC003C9066 /* Frameworks */ = {
			isa = PBXFrameworksBuildPhase;
			buildActionMask = 2147483647;
			files = (
				057DB20127318BBA003C9066 /* MapKit.framework in Frameworks */,
				CBC33764BB0520673D9FEF75 /* Pods_Map_HW.framework in Frameworks */,
			);
			runOnlyForDeploymentPostprocessing = 0;
		};
		057DB1E027316F01003C9066 /* Frameworks */ = {
			isa = PBXFrameworksBuildPhase;
			buildActionMask = 2147483647;
			files = (
				FF4D7753858805EE6C6BDEA5 /* Pods_Map_HWTests.framework in Frameworks */,
			);
			runOnlyForDeploymentPostprocessing = 0;
		};
		057DB1EA27316F01003C9066 /* Frameworks */ = {
			isa = PBXFrameworksBuildPhase;
			buildActionMask = 2147483647;
			files = (
				403894DBE8D9AD132D686F96 /* Pods_Map_HW_Map_HWUITests.framework in Frameworks */,
			);
			runOnlyForDeploymentPostprocessing = 0;
		};
/* End PBXFrameworksBuildPhase section */

/* Begin PBXGroup section */
		0517B21927510753002DC6A5 /* Extensions */ = {
			isa = PBXGroup;
			children = (
				0517B21A27510770002DC6A5 /* Extension_UIImage.swift */,
			);
			path = Extensions;
			sourceTree = "<group>";
		};
		0540C4E32741323600AF1744 /* Coordinator */ = {
			isa = PBXGroup;
			children = (
				0540C4E42741325200AF1744 /* BaseCoordinator.swift */,
				0540C4E62741337000AF1744 /* ApplicationCoordinator.swift */,
				0540C4E82741352700AF1744 /* AuthCoordinator.swift */,
				0540C4EA274135B300AF1744 /* MainCoordinator.swift */,
			);
			path = Coordinator;
			sourceTree = "<group>";
		};
		057202EF273E686C00DD2DFD /* Entity */ = {
			isa = PBXGroup;
			children = (
			);
			path = Entity;
			sourceTree = "<group>";
		};
		057202F2273E6CEA00DD2DFD /* Flow */ = {
			isa = PBXGroup;
			children = (
				0540C4E32741323600AF1744 /* Coordinator */,
				057202F3273E6CF600DD2DFD /* Auth */,
				057202F4273E6D0000DD2DFD /* Main */,
			);
			path = Flow;
			sourceTree = "<group>";
		};
		057202F3273E6CF600DD2DFD /* Auth */ = {
			isa = PBXGroup;
			children = (
				057202F5273E6D8000DD2DFD /* Auth.storyboard */,
				057202F7273E6DD000DD2DFD /* LoginViewController.swift */,
				057202F9273E6DE300DD2DFD /* RegisterViewController.swift */,
			);
			path = Auth;
			sourceTree = "<group>";
		};
		057202F4273E6D0000DD2DFD /* Main */ = {
			isa = PBXGroup;
			children = (
				057DB1D627316EFD003C9066 /* Main.storyboard */,
				0572030A273FB94D00DD2DFD /* MainViewController.swift */,
				057DB1D427316EFD003C9066 /* MapViewController.swift */,
			);
			path = Main;
			sourceTree = "<group>";
		};
		057DB1C427316EFC003C9066 = {
			isa = PBXGroup;
			children = (
				057DB1CF27316EFD003C9066 /* Map_HW */,
				057DB1E627316F01003C9066 /* Map_HWTests */,
				057DB1F027316F01003C9066 /* Map_HWUITests */,
				057DB1CE27316EFD003C9066 /* Products */,
				F13E3317E3D8A315B9CAB95B /* Pods */,
				274BAB464123C36506909CA7 /* Frameworks */,
			);
			sourceTree = "<group>";
		};
		057DB1CE27316EFD003C9066 /* Products */ = {
			isa = PBXGroup;
			children = (
				057DB1CD27316EFD003C9066 /* Map_HW.app */,
				057DB1E327316F01003C9066 /* Map_HWTests.xctest */,
				057DB1ED27316F01003C9066 /* Map_HWUITests.xctest */,
			);
			name = Products;
			sourceTree = "<group>";
		};
		057DB1CF27316EFD003C9066 /* Map_HW */ = {
			isa = PBXGroup;
			children = (
				05934C4B274BB21B00C93756 /* HW6 */,
				057EDB7B274261C200DA3E2F /* SSLCertificates */,
				057202F2273E6CEA00DD2DFD /* Flow */,
				057202EF273E686C00DD2DFD /* Entity */,
				057DB1D027316EFD003C9066 /* AppDelegate.swift */,
				057DB1D227316EFD003C9066 /* SceneDelegate.swift */,
				05AB8E922739343300933AB1 /* Model */,
				05AB8E8F273930C700933AB1 /* Services */,
				0517B21927510753002DC6A5 /* Extensions */,
				057DB1D927316F00003C9066 /* Assets.xcassets */,
				057DB1DB27316F00003C9066 /* LaunchScreen.storyboard */,
				057DB1DE27316F00003C9066 /* Info.plist */,
			);
			path = Map_HW;
			sourceTree = "<group>";
		};
		057DB1E627316F01003C9066 /* Map_HWTests */ = {
			isa = PBXGroup;
			children = (
				057DB1E727316F01003C9066 /* Map_HWTests.swift */,
			);
			path = Map_HWTests;
			sourceTree = "<group>";
		};
		057DB1F027316F01003C9066 /* Map_HWUITests */ = {
			isa = PBXGroup;
			children = (
				057DB1F127316F01003C9066 /* Map_HWUITests.swift */,
				057DB1F327316F01003C9066 /* Map_HWUITestsLaunchTests.swift */,
			);
			path = Map_HWUITests;
			sourceTree = "<group>";
		};
		057EDB7B274261C200DA3E2F /* SSLCertificates */ = {
			isa = PBXGroup;
			children = (
				057EDB7D2742621F00DA3E2F /* NetworkLayer.swift */,
				057EDB7F27426BDE00DA3E2F /* Apple.cer */,
			);
			path = SSLCertificates;
			sourceTree = "<group>";
		};
		05934C4B274BB21B00C93756 /* HW6 */ = {
			isa = PBXGroup;
			children = (
				05934C5A274BB24300C93756 /* Снимок экрана 2021-11-22 в 1.59.56 PM.png */,
				05934C51274BB23B00C93756 /* Снимок экрана 2021-11-22 в 2.01.57 PM.png */,
				05934C4C274BB23B00C93756 /* Снимок экрана 2021-11-22 в 2.04.35 PM.png */,
				05934C4E274BB23B00C93756 /* Снимок экрана 2021-11-22 в 2.05.22 PM.png */,
				05934C4D274BB23B00C93756 /* Снимок экрана 2021-11-22 в 2.05.34 PM.png */,
				05934C4F274BB23B00C93756 /* Снимок экрана 2021-11-22 в 2.09.17 PM.png */,
				05934C52274BB23B00C93756 /* Снимок экрана 2021-11-22 в 2.09.51 PM.png */,
				05934C50274BB23B00C93756 /* Снимок экрана 2021-11-22 в 2.10.03 PM.png */,
			);
			path = HW6;
			sourceTree = "<group>";
		};
		05AB8E8F273930C700933AB1 /* Services */ = {
			isa = PBXGroup;
			children = (
				0517B21727510397002DC6A5 /* SaveNLoadToPhoneImageService.swift */,
				05AB8E90273930D800933AB1 /* RealmServices.swift */,
				05AB8E9527394ADC00933AB1 /* LocatingServices.swift */,
				05934C49274B9EE600C93756 /* LocationManager.swift */,
			);
			path = Services;
			sourceTree = "<group>";
		};
		05AB8E922739343300933AB1 /* Model */ = {
			isa = PBXGroup;
			children = (
				057202F0273E687E00DD2DFD /* User.swift */,
				05AB8E932739344900933AB1 /* RouteRealmObject.swift */,
				05AB8E9727398DD000933AB1 /* RouteModelFactory.swift */,
			);
			path = Model;
			sourceTree = "<group>";
		};
		274BAB464123C36506909CA7 /* Frameworks */ = {
			isa = PBXGroup;
			children = (
				057DB20027318BBA003C9066 /* MapKit.framework */,
				B0F82FE68BE03F482DF56337 /* Pods_Map_HW.framework */,
				65EBDA9560176008E8E354B5 /* Pods_Map_HW_Map_HWUITests.framework */,
				47BA7E31421ECFAEA4DEC028 /* Pods_Map_HWTests.framework */,
			);
			name = Frameworks;
			sourceTree = "<group>";
		};
		F13E3317E3D8A315B9CAB95B /* Pods */ = {
			isa = PBXGroup;
			children = (
				EC8A42731AAAA9A05A146E7B /* Pods-Map_HW.debug.xcconfig */,
				4CC41E13FEDDB39EF7877F00 /* Pods-Map_HW.release.xcconfig */,
				614E3624E88F28C3438B678C /* Pods-Map_HW-Map_HWUITests.debug.xcconfig */,
				890A45D14F36FD2EFB8718B7 /* Pods-Map_HW-Map_HWUITests.release.xcconfig */,
				F2A3B50CFD804AFA093A56E6 /* Pods-Map_HWTests.debug.xcconfig */,
				404531CC8DF455DC28EE5053 /* Pods-Map_HWTests.release.xcconfig */,
			);
			path = Pods;
			sourceTree = "<group>";
		};
/* End PBXGroup section */

/* Begin PBXNativeTarget section */
		057DB1CC27316EFC003C9066 /* Map_HW */ = {
			isa = PBXNativeTarget;
			buildConfigurationList = 057DB1F727316F01003C9066 /* Build configuration list for PBXNativeTarget "Map_HW" */;
			buildPhases = (
				F10D38B91596A9EAAEEBA461 /* [CP] Check Pods Manifest.lock */,
				057DB1C927316EFC003C9066 /* Sources */,
				057DB1CA27316EFC003C9066 /* Frameworks */,
				057DB1CB27316EFC003C9066 /* Resources */,
				46DC9E785101E5BB55779500 /* [CP] Copy Pods Resources */,
				2BFE8C0BF6AC39F6569F3807 /* [CP] Embed Pods Frameworks */,
			);
			buildRules = (
			);
			dependencies = (
			);
			name = Map_HW;
			productName = Map_HW;
			productReference = 057DB1CD27316EFD003C9066 /* Map_HW.app */;
			productType = "com.apple.product-type.application";
		};
		057DB1E227316F01003C9066 /* Map_HWTests */ = {
			isa = PBXNativeTarget;
			buildConfigurationList = 057DB1FA27316F01003C9066 /* Build configuration list for PBXNativeTarget "Map_HWTests" */;
			buildPhases = (
				04A0EC63DED9A3A1D5409425 /* [CP] Check Pods Manifest.lock */,
				057DB1DF27316F01003C9066 /* Sources */,
				057DB1E027316F01003C9066 /* Frameworks */,
				057DB1E127316F01003C9066 /* Resources */,
			);
			buildRules = (
			);
			dependencies = (
				057DB1E527316F01003C9066 /* PBXTargetDependency */,
			);
			name = Map_HWTests;
			productName = Map_HWTests;
			productReference = 057DB1E327316F01003C9066 /* Map_HWTests.xctest */;
			productType = "com.apple.product-type.bundle.unit-test";
		};
		057DB1EC27316F01003C9066 /* Map_HWUITests */ = {
			isa = PBXNativeTarget;
			buildConfigurationList = 057DB1FD27316F01003C9066 /* Build configuration list for PBXNativeTarget "Map_HWUITests" */;
			buildPhases = (
				45A198957B478A473C5F3F6B /* [CP] Check Pods Manifest.lock */,
				057DB1E927316F01003C9066 /* Sources */,
				057DB1EA27316F01003C9066 /* Frameworks */,
				057DB1EB27316F01003C9066 /* Resources */,
				F47AA2BDBA2D05A69CDB8640 /* [CP] Copy Pods Resources */,
				883AA2A67B3D257EE5D852D4 /* [CP] Embed Pods Frameworks */,
			);
			buildRules = (
			);
			dependencies = (
				057DB1EF27316F01003C9066 /* PBXTargetDependency */,
			);
			name = Map_HWUITests;
			productName = Map_HWUITests;
			productReference = 057DB1ED27316F01003C9066 /* Map_HWUITests.xctest */;
			productType = "com.apple.product-type.bundle.ui-testing";
		};
/* End PBXNativeTarget section */

/* Begin PBXProject section */
		057DB1C527316EFC003C9066 /* Project object */ = {
			isa = PBXProject;
			attributes = {
				BuildIndependentTargetsInParallel = 1;
				LastSwiftUpdateCheck = 1310;
				LastUpgradeCheck = 1310;
				TargetAttributes = {
					057DB1CC27316EFC003C9066 = {
						CreatedOnToolsVersion = 13.1;
					};
					057DB1E227316F01003C9066 = {
						CreatedOnToolsVersion = 13.1;
						TestTargetID = 057DB1CC27316EFC003C9066;
					};
					057DB1EC27316F01003C9066 = {
						CreatedOnToolsVersion = 13.1;
						TestTargetID = 057DB1CC27316EFC003C9066;
					};
				};
			};
			buildConfigurationList = 057DB1C827316EFC003C9066 /* Build configuration list for PBXProject "Map_HW" */;
			compatibilityVersion = "Xcode 13.0";
			developmentRegion = en;
			hasScannedForEncodings = 0;
			knownRegions = (
				en,
				Base,
			);
			mainGroup = 057DB1C427316EFC003C9066;
			productRefGroup = 057DB1CE27316EFD003C9066 /* Products */;
			projectDirPath = "";
			projectRoot = "";
			targets = (
				057DB1CC27316EFC003C9066 /* Map_HW */,
				057DB1E227316F01003C9066 /* Map_HWTests */,
				057DB1EC27316F01003C9066 /* Map_HWUITests */,
			);
		};
/* End PBXProject section */

/* Begin PBXResourcesBuildPhase section */
		057DB1CB27316EFC003C9066 /* Resources */ = {
			isa = PBXResourcesBuildPhase;
			buildActionMask = 2147483647;
			files = (
				057EDB8027426BDE00DA3E2F /* Apple.cer in Resources */,
				057202F6273E6D8000DD2DFD /* Auth.storyboard in Resources */,
				05934C54274BB23B00C93756 /* Снимок экрана 2021-11-22 в 2.05.34 PM.png in Resources */,
				05934C5B274BB24300C93756 /* Снимок экрана 2021-11-22 в 1.59.56 PM.png in Resources */,
				05934C58274BB23B00C93756 /* Снимок экрана 2021-11-22 в 2.01.57 PM.png in Resources */,
				05934C56274BB23B00C93756 /* Снимок экрана 2021-11-22 в 2.09.17 PM.png in Resources */,
				057DB1DD27316F00003C9066 /* LaunchScreen.storyboard in Resources */,
				057DB1DA27316F00003C9066 /* Assets.xcassets in Resources */,
				05934C59274BB23B00C93756 /* Снимок экрана 2021-11-22 в 2.09.51 PM.png in Resources */,
				05934C57274BB23B00C93756 /* Снимок экрана 2021-11-22 в 2.10.03 PM.png in Resources */,
				05934C55274BB23B00C93756 /* Снимок экрана 2021-11-22 в 2.05.22 PM.png in Resources */,
				05934C53274BB23B00C93756 /* Снимок экрана 2021-11-22 в 2.04.35 PM.png in Resources */,
				057DB1D827316EFD003C9066 /* Main.storyboard in Resources */,
			);
			runOnlyForDeploymentPostprocessing = 0;
		};
		057DB1E127316F01003C9066 /* Resources */ = {
			isa = PBXResourcesBuildPhase;
			buildActionMask = 2147483647;
			files = (
			);
			runOnlyForDeploymentPostprocessing = 0;
		};
		057DB1EB27316F01003C9066 /* Resources */ = {
			isa = PBXResourcesBuildPhase;
			buildActionMask = 2147483647;
			files = (
			);
			runOnlyForDeploymentPostprocessing = 0;
		};
/* End PBXResourcesBuildPhase section */

/* Begin PBXShellScriptBuildPhase section */
		04A0EC63DED9A3A1D5409425 /* [CP] Check Pods Manifest.lock */ = {
			isa = PBXShellScriptBuildPhase;
			buildActionMask = 2147483647;
			files = (
			);
			inputFileListPaths = (
			);
			inputPaths = (
				"${PODS_PODFILE_DIR_PATH}/Podfile.lock",
				"${PODS_ROOT}/Manifest.lock",
			);
			name = "[CP] Check Pods Manifest.lock";
			outputFileListPaths = (
			);
			outputPaths = (
				"$(DERIVED_FILE_DIR)/Pods-Map_HWTests-checkManifestLockResult.txt",
			);
			runOnlyForDeploymentPostprocessing = 0;
			shellPath = /bin/sh;
			shellScript = "diff \"${PODS_PODFILE_DIR_PATH}/Podfile.lock\" \"${PODS_ROOT}/Manifest.lock\" > /dev/null\nif [ $? != 0 ] ; then\n    # print error to STDERR\n    echo \"error: The sandbox is not in sync with the Podfile.lock. Run 'pod install' or update your CocoaPods installation.\" >&2\n    exit 1\nfi\n# This output is used by Xcode 'outputs' to avoid re-running this script phase.\necho \"SUCCESS\" > \"${SCRIPT_OUTPUT_FILE_0}\"\n";
			showEnvVarsInLog = 0;
		};
		2BFE8C0BF6AC39F6569F3807 /* [CP] Embed Pods Frameworks */ = {
			isa = PBXShellScriptBuildPhase;
			buildActionMask = 2147483647;
			files = (
			);
			inputFileListPaths = (
				"${PODS_ROOT}/Target Support Files/Pods-Map_HW/Pods-Map_HW-frameworks-${CONFIGURATION}-input-files.xcfilelist",
			);
			name = "[CP] Embed Pods Frameworks";
			outputFileListPaths = (
				"${PODS_ROOT}/Target Support Files/Pods-Map_HW/Pods-Map_HW-frameworks-${CONFIGURATION}-output-files.xcfilelist",
			);
			runOnlyForDeploymentPostprocessing = 0;
			shellPath = /bin/sh;
			shellScript = "\"${PODS_ROOT}/Target Support Files/Pods-Map_HW/Pods-Map_HW-frameworks.sh\"\n";
			showEnvVarsInLog = 0;
		};
		45A198957B478A473C5F3F6B /* [CP] Check Pods Manifest.lock */ = {
			isa = PBXShellScriptBuildPhase;
			buildActionMask = 2147483647;
			files = (
			);
			inputFileListPaths = (
			);
			inputPaths = (
				"${PODS_PODFILE_DIR_PATH}/Podfile.lock",
				"${PODS_ROOT}/Manifest.lock",
			);
			name = "[CP] Check Pods Manifest.lock";
			outputFileListPaths = (
			);
			outputPaths = (
				"$(DERIVED_FILE_DIR)/Pods-Map_HW-Map_HWUITests-checkManifestLockResult.txt",
			);
			runOnlyForDeploymentPostprocessing = 0;
			shellPath = /bin/sh;
			shellScript = "diff \"${PODS_PODFILE_DIR_PATH}/Podfile.lock\" \"${PODS_ROOT}/Manifest.lock\" > /dev/null\nif [ $? != 0 ] ; then\n    # print error to STDERR\n    echo \"error: The sandbox is not in sync with the Podfile.lock. Run 'pod install' or update your CocoaPods installation.\" >&2\n    exit 1\nfi\n# This output is used by Xcode 'outputs' to avoid re-running this script phase.\necho \"SUCCESS\" > \"${SCRIPT_OUTPUT_FILE_0}\"\n";
			showEnvVarsInLog = 0;
		};
		46DC9E785101E5BB55779500 /* [CP] Copy Pods Resources */ = {
			isa = PBXShellScriptBuildPhase;
			buildActionMask = 2147483647;
			files = (
			);
			inputFileListPaths = (
				"${PODS_ROOT}/Target Support Files/Pods-Map_HW/Pods-Map_HW-resources-${CONFIGURATION}-input-files.xcfilelist",
			);
			name = "[CP] Copy Pods Resources";
			outputFileListPaths = (
				"${PODS_ROOT}/Target Support Files/Pods-Map_HW/Pods-Map_HW-resources-${CONFIGURATION}-output-files.xcfilelist",
			);
			runOnlyForDeploymentPostprocessing = 0;
			shellPath = /bin/sh;
			shellScript = "\"${PODS_ROOT}/Target Support Files/Pods-Map_HW/Pods-Map_HW-resources.sh\"\n";
			showEnvVarsInLog = 0;
		};
		883AA2A67B3D257EE5D852D4 /* [CP] Embed Pods Frameworks */ = {
			isa = PBXShellScriptBuildPhase;
			buildActionMask = 2147483647;
			files = (
			);
			inputFileListPaths = (
				"${PODS_ROOT}/Target Support Files/Pods-Map_HW-Map_HWUITests/Pods-Map_HW-Map_HWUITests-frameworks-${CONFIGURATION}-input-files.xcfilelist",
			);
			name = "[CP] Embed Pods Frameworks";
			outputFileListPaths = (
				"${PODS_ROOT}/Target Support Files/Pods-Map_HW-Map_HWUITests/Pods-Map_HW-Map_HWUITests-frameworks-${CONFIGURATION}-output-files.xcfilelist",
			);
			runOnlyForDeploymentPostprocessing = 0;
			shellPath = /bin/sh;
			shellScript = "\"${PODS_ROOT}/Target Support Files/Pods-Map_HW-Map_HWUITests/Pods-Map_HW-Map_HWUITests-frameworks.sh\"\n";
			showEnvVarsInLog = 0;
		};
		F10D38B91596A9EAAEEBA461 /* [CP] Check Pods Manifest.lock */ = {
			isa = PBXShellScriptBuildPhase;
			buildActionMask = 2147483647;
			files = (
			);
			inputFileListPaths = (
			);
			inputPaths = (
				"${PODS_PODFILE_DIR_PATH}/Podfile.lock",
				"${PODS_ROOT}/Manifest.lock",
			);
			name = "[CP] Check Pods Manifest.lock";
			outputFileListPaths = (
			);
			outputPaths = (
				"$(DERIVED_FILE_DIR)/Pods-Map_HW-checkManifestLockResult.txt",
			);
			runOnlyForDeploymentPostprocessing = 0;
			shellPath = /bin/sh;
			shellScript = "diff \"${PODS_PODFILE_DIR_PATH}/Podfile.lock\" \"${PODS_ROOT}/Manifest.lock\" > /dev/null\nif [ $? != 0 ] ; then\n    # print error to STDERR\n    echo \"error: The sandbox is not in sync with the Podfile.lock. Run 'pod install' or update your CocoaPods installation.\" >&2\n    exit 1\nfi\n# This output is used by Xcode 'outputs' to avoid re-running this script phase.\necho \"SUCCESS\" > \"${SCRIPT_OUTPUT_FILE_0}\"\n";
			showEnvVarsInLog = 0;
		};
		F47AA2BDBA2D05A69CDB8640 /* [CP] Copy Pods Resources */ = {
			isa = PBXShellScriptBuildPhase;
			buildActionMask = 2147483647;
			files = (
			);
			inputFileListPaths = (
				"${PODS_ROOT}/Target Support Files/Pods-Map_HW-Map_HWUITests/Pods-Map_HW-Map_HWUITests-resources-${CONFIGURATION}-input-files.xcfilelist",
			);
			name = "[CP] Copy Pods Resources";
			outputFileListPaths = (
				"${PODS_ROOT}/Target Support Files/Pods-Map_HW-Map_HWUITests/Pods-Map_HW-Map_HWUITests-resources-${CONFIGURATION}-output-files.xcfilelist",
			);
			runOnlyForDeploymentPostprocessing = 0;
			shellPath = /bin/sh;
			shellScript = "\"${PODS_ROOT}/Target Support Files/Pods-Map_HW-Map_HWUITests/Pods-Map_HW-Map_HWUITests-resources.sh\"\n";
			showEnvVarsInLog = 0;
		};
/* End PBXShellScriptBuildPhase section */

/* Begin PBXSourcesBuildPhase section */
		057DB1C927316EFC003C9066 /* Sources */ = {
			isa = PBXSourcesBuildPhase;
			buildActionMask = 2147483647;
			files = (
				0517B21B27510770002DC6A5 /* Extension_UIImage.swift in Sources */,
				057202F8273E6DD000DD2DFD /* LoginViewController.swift in Sources */,
				05934C4A274B9EE700C93756 /* LocationManager.swift in Sources */,
				0572030B273FB94D00DD2DFD /* MainViewController.swift in Sources */,
				0540C4E72741337000AF1744 /* ApplicationCoordinator.swift in Sources */,
				05AB8E9627394ADC00933AB1 /* LocatingServices.swift in Sources */,
				057EDB7E2742621F00DA3E2F /* NetworkLayer.swift in Sources */,
				0540C4E92741352700AF1744 /* AuthCoordinator.swift in Sources */,
				057DB1D527316EFD003C9066 /* MapViewController.swift in Sources */,
				057DB1D127316EFD003C9066 /* AppDelegate.swift in Sources */,
				057202FA273E6DE300DD2DFD /* RegisterViewController.swift in Sources */,
				057DB1D327316EFD003C9066 /* SceneDelegate.swift in Sources */,
				0517B21827510397002DC6A5 /* SaveNLoadToPhoneImageService.swift in Sources */,
				0540C4E52741325200AF1744 /* BaseCoordinator.swift in Sources */,
				057202F1273E687E00DD2DFD /* User.swift in Sources */,
				05AB8E942739344900933AB1 /* RouteRealmObject.swift in Sources */,
				05AB8E91273930D800933AB1 /* RealmServices.swift in Sources */,
				0540C4EB274135B300AF1744 /* MainCoordinator.swift in Sources */,
				05AB8E9827398DD000933AB1 /* RouteModelFactory.swift in Sources */,
			);
			runOnlyForDeploymentPostprocessing = 0;
		};
		057DB1DF27316F01003C9066 /* Sources */ = {
			isa = PBXSourcesBuildPhase;
			buildActionMask = 2147483647;
			files = (
				057DB1E827316F01003C9066 /* Map_HWTests.swift in Sources */,
			);
			runOnlyForDeploymentPostprocessing = 0;
		};
		057DB1E927316F01003C9066 /* Sources */ = {
			isa = PBXSourcesBuildPhase;
			buildActionMask = 2147483647;
			files = (
				057DB1F427316F01003C9066 /* Map_HWUITestsLaunchTests.swift in Sources */,
				057DB1F227316F01003C9066 /* Map_HWUITests.swift in Sources */,
			);
			runOnlyForDeploymentPostprocessing = 0;
		};
/* End PBXSourcesBuildPhase section */

/* Begin PBXTargetDependency section */
		057DB1E527316F01003C9066 /* PBXTargetDependency */ = {
			isa = PBXTargetDependency;
			target = 057DB1CC27316EFC003C9066 /* Map_HW */;
			targetProxy = 057DB1E427316F01003C9066 /* PBXContainerItemProxy */;
		};
		057DB1EF27316F01003C9066 /* PBXTargetDependency */ = {
			isa = PBXTargetDependency;
			target = 057DB1CC27316EFC003C9066 /* Map_HW */;
			targetProxy = 057DB1EE27316F01003C9066 /* PBXContainerItemProxy */;
		};
/* End PBXTargetDependency section */

/* Begin PBXVariantGroup section */
		057DB1D627316EFD003C9066 /* Main.storyboard */ = {
			isa = PBXVariantGroup;
			children = (
				057DB1D727316EFD003C9066 /* Base */,
			);
			name = Main.storyboard;
			sourceTree = "<group>";
		};
		057DB1DB27316F00003C9066 /* LaunchScreen.storyboard */ = {
			isa = PBXVariantGroup;
			children = (
				057DB1DC27316F00003C9066 /* Base */,
			);
			name = LaunchScreen.storyboard;
			sourceTree = "<group>";
		};
/* End PBXVariantGroup section */

/* Begin XCBuildConfiguration section */
		057DB1F527316F01003C9066 /* Debug */ = {
			isa = XCBuildConfiguration;
			buildSettings = {
				ALWAYS_SEARCH_USER_PATHS = NO;
				CLANG_ANALYZER_NONNULL = YES;
				CLANG_ANALYZER_NUMBER_OBJECT_CONVERSION = YES_AGGRESSIVE;
				CLANG_CXX_LANGUAGE_STANDARD = "gnu++17";
				CLANG_CXX_LIBRARY = "libc++";
				CLANG_ENABLE_MODULES = YES;
				CLANG_ENABLE_OBJC_ARC = YES;
				CLANG_ENABLE_OBJC_WEAK = YES;
				CLANG_WARN_BLOCK_CAPTURE_AUTORELEASING = YES;
				CLANG_WARN_BOOL_CONVERSION = YES;
				CLANG_WARN_COMMA = YES;
				CLANG_WARN_CONSTANT_CONVERSION = YES;
				CLANG_WARN_DEPRECATED_OBJC_IMPLEMENTATIONS = YES;
				CLANG_WARN_DIRECT_OBJC_ISA_USAGE = YES_ERROR;
				CLANG_WARN_DOCUMENTATION_COMMENTS = YES;
				CLANG_WARN_EMPTY_BODY = YES;
				CLANG_WARN_ENUM_CONVERSION = YES;
				CLANG_WARN_INFINITE_RECURSION = YES;
				CLANG_WARN_INT_CONVERSION = YES;
				CLANG_WARN_NON_LITERAL_NULL_CONVERSION = YES;
				CLANG_WARN_OBJC_IMPLICIT_RETAIN_SELF = YES;
				CLANG_WARN_OBJC_LITERAL_CONVERSION = YES;
				CLANG_WARN_OBJC_ROOT_CLASS = YES_ERROR;
				CLANG_WARN_QUOTED_INCLUDE_IN_FRAMEWORK_HEADER = YES;
				CLANG_WARN_RANGE_LOOP_ANALYSIS = YES;
				CLANG_WARN_STRICT_PROTOTYPES = YES;
				CLANG_WARN_SUSPICIOUS_MOVE = YES;
				CLANG_WARN_UNGUARDED_AVAILABILITY = YES_AGGRESSIVE;
				CLANG_WARN_UNREACHABLE_CODE = YES;
				CLANG_WARN__DUPLICATE_METHOD_MATCH = YES;
				COPY_PHASE_STRIP = NO;
				DEBUG_INFORMATION_FORMAT = dwarf;
				ENABLE_STRICT_OBJC_MSGSEND = YES;
				ENABLE_TESTABILITY = YES;
				GCC_C_LANGUAGE_STANDARD = gnu11;
				GCC_DYNAMIC_NO_PIC = NO;
				GCC_NO_COMMON_BLOCKS = YES;
				GCC_OPTIMIZATION_LEVEL = 0;
				GCC_PREPROCESSOR_DEFINITIONS = (
					"DEBUG=1",
					"$(inherited)",
				);
				GCC_WARN_64_TO_32_BIT_CONVERSION = YES;
				GCC_WARN_ABOUT_RETURN_TYPE = YES_ERROR;
				GCC_WARN_UNDECLARED_SELECTOR = YES;
				GCC_WARN_UNINITIALIZED_AUTOS = YES_AGGRESSIVE;
				GCC_WARN_UNUSED_FUNCTION = YES;
				GCC_WARN_UNUSED_VARIABLE = YES;
				IPHONEOS_DEPLOYMENT_TARGET = 15.0;
				MTL_ENABLE_DEBUG_INFO = INCLUDE_SOURCE;
				MTL_FAST_MATH = YES;
				ONLY_ACTIVE_ARCH = YES;
				SDKROOT = iphoneos;
				SWIFT_ACTIVE_COMPILATION_CONDITIONS = DEBUG;
				SWIFT_OPTIMIZATION_LEVEL = "-Onone";
			};
			name = Debug;
		};
		057DB1F627316F01003C9066 /* Release */ = {
			isa = XCBuildConfiguration;
			buildSettings = {
				ALWAYS_SEARCH_USER_PATHS = NO;
				CLANG_ANALYZER_NONNULL = YES;
				CLANG_ANALYZER_NUMBER_OBJECT_CONVERSION = YES_AGGRESSIVE;
				CLANG_CXX_LANGUAGE_STANDARD = "gnu++17";
				CLANG_CXX_LIBRARY = "libc++";
				CLANG_ENABLE_MODULES = YES;
				CLANG_ENABLE_OBJC_ARC = YES;
				CLANG_ENABLE_OBJC_WEAK = YES;
				CLANG_WARN_BLOCK_CAPTURE_AUTORELEASING = YES;
				CLANG_WARN_BOOL_CONVERSION = YES;
				CLANG_WARN_COMMA = YES;
				CLANG_WARN_CONSTANT_CONVERSION = YES;
				CLANG_WARN_DEPRECATED_OBJC_IMPLEMENTATIONS = YES;
				CLANG_WARN_DIRECT_OBJC_ISA_USAGE = YES_ERROR;
				CLANG_WARN_DOCUMENTATION_COMMENTS = YES;
				CLANG_WARN_EMPTY_BODY = YES;
				CLANG_WARN_ENUM_CONVERSION = YES;
				CLANG_WARN_INFINITE_RECURSION = YES;
				CLANG_WARN_INT_CONVERSION = YES;
				CLANG_WARN_NON_LITERAL_NULL_CONVERSION = YES;
				CLANG_WARN_OBJC_IMPLICIT_RETAIN_SELF = YES;
				CLANG_WARN_OBJC_LITERAL_CONVERSION = YES;
				CLANG_WARN_OBJC_ROOT_CLASS = YES_ERROR;
				CLANG_WARN_QUOTED_INCLUDE_IN_FRAMEWORK_HEADER = YES;
				CLANG_WARN_RANGE_LOOP_ANALYSIS = YES;
				CLANG_WARN_STRICT_PROTOTYPES = YES;
				CLANG_WARN_SUSPICIOUS_MOVE = YES;
				CLANG_WARN_UNGUARDED_AVAILABILITY = YES_AGGRESSIVE;
				CLANG_WARN_UNREACHABLE_CODE = YES;
				CLANG_WARN__DUPLICATE_METHOD_MATCH = YES;
				COPY_PHASE_STRIP = NO;
				DEBUG_INFORMATION_FORMAT = "dwarf-with-dsym";
				ENABLE_NS_ASSERTIONS = NO;
				ENABLE_STRICT_OBJC_MSGSEND = YES;
				GCC_C_LANGUAGE_STANDARD = gnu11;
				GCC_NO_COMMON_BLOCKS = YES;
				GCC_WARN_64_TO_32_BIT_CONVERSION = YES;
				GCC_WARN_ABOUT_RETURN_TYPE = YES_ERROR;
				GCC_WARN_UNDECLARED_SELECTOR = YES;
				GCC_WARN_UNINITIALIZED_AUTOS = YES_AGGRESSIVE;
				GCC_WARN_UNUSED_FUNCTION = YES;
				GCC_WARN_UNUSED_VARIABLE = YES;
				IPHONEOS_DEPLOYMENT_TARGET = 15.0;
				MTL_ENABLE_DEBUG_INFO = NO;
				MTL_FAST_MATH = YES;
				SDKROOT = iphoneos;
				SWIFT_COMPILATION_MODE = wholemodule;
				SWIFT_OPTIMIZATION_LEVEL = "-O";
				VALIDATE_PRODUCT = YES;
			};
			name = Release;
		};
		057DB1F827316F01003C9066 /* Debug */ = {
			isa = XCBuildConfiguration;
			baseConfigurationReference = EC8A42731AAAA9A05A146E7B /* Pods-Map_HW.debug.xcconfig */;
			buildSettings = {
				ASSETCATALOG_COMPILER_APPICON_NAME = AppIcon;
				ASSETCATALOG_COMPILER_GLOBAL_ACCENT_COLOR_NAME = AccentColor;
				CODE_SIGN_STYLE = Automatic;
				CURRENT_PROJECT_VERSION = 1;
				DEVELOPMENT_TEAM = W8PA5V3MFD;
				GENERATE_INFOPLIST_FILE = YES;
				INFOPLIST_FILE = Map_HW/Info.plist;
				INFOPLIST_KEY_NSLocationAlwaysAndWhenInUseUsageDescription = "We need to use location services to show map coorretly";
				INFOPLIST_KEY_NSLocationAlwaysUsageDescription = "мой пример2";
				INFOPLIST_KEY_NSLocationUsageDescription = "need to check your location";
				INFOPLIST_KEY_NSLocationWhenInUseUsageDescription = "We need to use your location";
				INFOPLIST_KEY_UIApplicationSupportsIndirectInputEvents = YES;
				INFOPLIST_KEY_UISupportedInterfaceOrientations_iPad = "UIInterfaceOrientationPortrait UIInterfaceOrientationPortraitUpsideDown UIInterfaceOrientationLandscapeLeft UIInterfaceOrientationLandscapeRight";
				INFOPLIST_KEY_UISupportedInterfaceOrientations_iPhone = "UIInterfaceOrientationPortrait UIInterfaceOrientationLandscapeLeft UIInterfaceOrientationLandscapeRight";
				LD_RUNPATH_SEARCH_PATHS = (
					"$(inherited)",
					"@executable_path/Frameworks",
				);
				MARKETING_VERSION = 1.0;
				PRODUCT_BUNDLE_IDENTIFIER = "com.maxnxi.Map-HW";
				PRODUCT_NAME = "$(TARGET_NAME)";
				SWIFT_EMIT_LOC_STRINGS = YES;
				SWIFT_VERSION = 5.0;
				TARGETED_DEVICE_FAMILY = 1;
			};
			name = Debug;
		};
		057DB1F927316F01003C9066 /* Release */ = {
			isa = XCBuildConfiguration;
			baseConfigurationReference = 4CC41E13FEDDB39EF7877F00 /* Pods-Map_HW.release.xcconfig */;
			buildSettings = {
				ASSETCATALOG_COMPILER_APPICON_NAME = AppIcon;
				ASSETCATALOG_COMPILER_GLOBAL_ACCENT_COLOR_NAME = AccentColor;
				CODE_SIGN_STYLE = Automatic;
				CURRENT_PROJECT_VERSION = 1;
				DEVELOPMENT_TEAM = W8PA5V3MFD;
				GENERATE_INFOPLIST_FILE = YES;
				INFOPLIST_FILE = Map_HW/Info.plist;
				INFOPLIST_KEY_NSLocationAlwaysAndWhenInUseUsageDescription = "We need to use location services to show map coorretly";
				INFOPLIST_KEY_NSLocationAlwaysUsageDescription = "мой пример2";
				INFOPLIST_KEY_NSLocationUsageDescription = "need to check your location";
				INFOPLIST_KEY_NSLocationWhenInUseUsageDescription = "We need to use your location";
				INFOPLIST_KEY_UIApplicationSupportsIndirectInputEvents = YES;
				INFOPLIST_KEY_UISupportedInterfaceOrientations_iPad = "UIInterfaceOrientationPortrait UIInterfaceOrientationPortraitUpsideDown UIInterfaceOrientationLandscapeLeft UIInterfaceOrientationLandscapeRight";
				INFOPLIST_KEY_UISupportedInterfaceOrientations_iPhone = "UIInterfaceOrientationPortrait UIInterfaceOrientationLandscapeLeft UIInterfaceOrientationLandscapeRight";
				LD_RUNPATH_SEARCH_PATHS = (
					"$(inherited)",
					"@executable_path/Frameworks",
				);
				MARKETING_VERSION = 1.0;
				PRODUCT_BUNDLE_IDENTIFIER = "com.maxnxi.Map-HW";
				PRODUCT_NAME = "$(TARGET_NAME)";
				SWIFT_EMIT_LOC_STRINGS = YES;
				SWIFT_VERSION = 5.0;
				TARGETED_DEVICE_FAMILY = 1;
			};
			name = Release;
		};
		057DB1FB27316F01003C9066 /* Debug */ = {
			isa = XCBuildConfiguration;
			baseConfigurationReference = F2A3B50CFD804AFA093A56E6 /* Pods-Map_HWTests.debug.xcconfig */;
			buildSettings = {
				ALWAYS_EMBED_SWIFT_STANDARD_LIBRARIES = YES;
				BUNDLE_LOADER = "$(TEST_HOST)";
				CODE_SIGN_STYLE = Automatic;
				CURRENT_PROJECT_VERSION = 1;
				DEVELOPMENT_TEAM = W8PA5V3MFD;
				GENERATE_INFOPLIST_FILE = YES;
				IPHONEOS_DEPLOYMENT_TARGET = 15.0;
				LD_RUNPATH_SEARCH_PATHS = (
					"$(inherited)",
					"@executable_path/Frameworks",
					"@loader_path/Frameworks",
				);
				MARKETING_VERSION = 1.0;
				PRODUCT_BUNDLE_IDENTIFIER = "com.maxnxi.Map-HWTests";
				PRODUCT_NAME = "$(TARGET_NAME)";
				SWIFT_EMIT_LOC_STRINGS = NO;
				SWIFT_VERSION = 5.0;
				TARGETED_DEVICE_FAMILY = "1,2";
				TEST_HOST = "$(BUILT_PRODUCTS_DIR)/Map_HW.app/Map_HW";
			};
			name = Debug;
		};
		057DB1FC27316F01003C9066 /* Release */ = {
			isa = XCBuildConfiguration;
			baseConfigurationReference = 404531CC8DF455DC28EE5053 /* Pods-Map_HWTests.release.xcconfig */;
			buildSettings = {
				ALWAYS_EMBED_SWIFT_STANDARD_LIBRARIES = YES;
				BUNDLE_LOADER = "$(TEST_HOST)";
				CODE_SIGN_STYLE = Automatic;
				CURRENT_PROJECT_VERSION = 1;
				DEVELOPMENT_TEAM = W8PA5V3MFD;
				GENERATE_INFOPLIST_FILE = YES;
				IPHONEOS_DEPLOYMENT_TARGET = 15.0;
				LD_RUNPATH_SEARCH_PATHS = (
					"$(inherited)",
					"@executable_path/Frameworks",
					"@loader_path/Frameworks",
				);
				MARKETING_VERSION = 1.0;
				PRODUCT_BUNDLE_IDENTIFIER = "com.maxnxi.Map-HWTests";
				PRODUCT_NAME = "$(TARGET_NAME)";
				SWIFT_EMIT_LOC_STRINGS = NO;
				SWIFT_VERSION = 5.0;
				TARGETED_DEVICE_FAMILY = "1,2";
				TEST_HOST = "$(BUILT_PRODUCTS_DIR)/Map_HW.app/Map_HW";
			};
			name = Release;
		};
		057DB1FE27316F01003C9066 /* Debug */ = {
			isa = XCBuildConfiguration;
			baseConfigurationReference = 614E3624E88F28C3438B678C /* Pods-Map_HW-Map_HWUITests.debug.xcconfig */;
			buildSettings = {
				ALWAYS_EMBED_SWIFT_STANDARD_LIBRARIES = YES;
				CODE_SIGN_STYLE = Automatic;
				CURRENT_PROJECT_VERSION = 1;
				DEVELOPMENT_TEAM = W8PA5V3MFD;
				GENERATE_INFOPLIST_FILE = YES;
				LD_RUNPATH_SEARCH_PATHS = (
					"$(inherited)",
					"@executable_path/Frameworks",
					"@loader_path/Frameworks",
				);
				MARKETING_VERSION = 1.0;
				PRODUCT_BUNDLE_IDENTIFIER = "com.maxnxi.Map-HWUITests";
				PRODUCT_NAME = "$(TARGET_NAME)";
				SWIFT_EMIT_LOC_STRINGS = NO;
				SWIFT_VERSION = 5.0;
				TARGETED_DEVICE_FAMILY = "1,2";
				TEST_TARGET_NAME = Map_HW;
			};
			name = Debug;
		};
		057DB1FF27316F01003C9066 /* Release */ = {
			isa = XCBuildConfiguration;
			baseConfigurationReference = 890A45D14F36FD2EFB8718B7 /* Pods-Map_HW-Map_HWUITests.release.xcconfig */;
			buildSettings = {
				ALWAYS_EMBED_SWIFT_STANDARD_LIBRARIES = YES;
				CODE_SIGN_STYLE = Automatic;
				CURRENT_PROJECT_VERSION = 1;
				DEVELOPMENT_TEAM = W8PA5V3MFD;
				GENERATE_INFOPLIST_FILE = YES;
				LD_RUNPATH_SEARCH_PATHS = (
					"$(inherited)",
					"@executable_path/Frameworks",
					"@loader_path/Frameworks",
				);
				MARKETING_VERSION = 1.0;
				PRODUCT_BUNDLE_IDENTIFIER = "com.maxnxi.Map-HWUITests";
				PRODUCT_NAME = "$(TARGET_NAME)";
				SWIFT_EMIT_LOC_STRINGS = NO;
				SWIFT_VERSION = 5.0;
				TARGETED_DEVICE_FAMILY = "1,2";
				TEST_TARGET_NAME = Map_HW;
			};
			name = Release;
		};
/* End XCBuildConfiguration section */

/* Begin XCConfigurationList section */
		057DB1C827316EFC003C9066 /* Build configuration list for PBXProject "Map_HW" */ = {
			isa = XCConfigurationList;
			buildConfigurations = (
				057DB1F527316F01003C9066 /* Debug */,
				057DB1F627316F01003C9066 /* Release */,
			);
			defaultConfigurationIsVisible = 0;
			defaultConfigurationName = Release;
		};
		057DB1F727316F01003C9066 /* Build configuration list for PBXNativeTarget "Map_HW" */ = {
			isa = XCConfigurationList;
			buildConfigurations = (
				057DB1F827316F01003C9066 /* Debug */,
				057DB1F927316F01003C9066 /* Release */,
			);
			defaultConfigurationIsVisible = 0;
			defaultConfigurationName = Release;
		};
		057DB1FA27316F01003C9066 /* Build configuration list for PBXNativeTarget "Map_HWTests" */ = {
			isa = XCConfigurationList;
			buildConfigurations = (
				057DB1FB27316F01003C9066 /* Debug */,
				057DB1FC27316F01003C9066 /* Release */,
			);
			defaultConfigurationIsVisible = 0;
			defaultConfigurationName = Release;
		};
		057DB1FD27316F01003C9066 /* Build configuration list for PBXNativeTarget "Map_HWUITests" */ = {
			isa = XCConfigurationList;
			buildConfigurations = (
				057DB1FE27316F01003C9066 /* Debug */,
				057DB1FF27316F01003C9066 /* Release */,
			);
			defaultConfigurationIsVisible = 0;
			defaultConfigurationName = Release;
		};
/* End XCConfigurationList section */
	};
	rootObject = 057DB1C527316EFC003C9066 /* Project object */;
}
